
Microsoft Visual Studio Solution File, Format Version 12.00
# Visual Studio Version 17
VisualStudioVersion = 17.11.35327.3
MinimumVisualStudioVersion = 10.0.40219.1
Project("{FAE04EC0-301F-11D3-BF4B-00C04F79EFBC}") = "The Shadow Lands", "The Shadow Lands.csproj", "{1AB04F4A-5189-4C43-AABD-9DD232C68045}"
EndProject
Global
	GlobalSection(SolutionConfigurationPlatforms) = preSolution
		Debug|Any CPU = Debug|Any CPU
		Release|Any CPU = Release|Any CPU
	EndGlobalSection
	GlobalSection(ProjectConfigurationPlatforms) = postSolution
		{1AB04F4A-5189-4C43-AABD-9DD232C68045}.Debug|Any CPU.ActiveCfg = Debug|Any CPU
		{1AB04F4A-5189-4C43-AABD-9DD232C68045}.Debug|Any CPU.Build.0 = Debug|Any CPU
		{1AB04F4A-5189-4C43-AABD-9DD232C68045}.Release|Any CPU.ActiveCfg = Release|Any CPU
		{1AB04F4A-5189-4C43-AABD-9DD232C68045}.Release|Any CPU.Build.0 = Release|Any CPU
	EndGlobalSection
	GlobalSection(SolutionProperties) = preSolution
		HideSolutionNode = FALSE
	EndGlobalSection
	GlobalSection(ExtensibilityGlobals) = postSolution
		SolutionGuid = {EC60E766-F725-4320-BF3A-DC583932C7FE}
	EndGlobalSection
EndGlobal
